version = 1
revision = 3
requires-python = "==3.12.*"
resolution-markers = [
    "sys_platform == 'win32'",
    "sys_platform == 'emscripten'",
    "sys_platform != 'emscripten' and sys_platform != 'win32'",
]

[[package]]
name = "annotated-doc"
version = "0.0.4"
source = { registry = "https://pypi.org/simple" }
sdist = { url = "https://files.pythonhosted.org/packages/57/ba/046ceea27344560984e26a590f90bc7f4a75b06701f653222458922b558c/annotated_doc-0.0.4.tar.gz", hash = "sha256:fbcda96e87e9c92ad167c2e53839e57503ecfda18804ea28102353485033faa4", size = 7288, upload-time = "2025-11-10T22:07:42.062Z" }
wheels = [
    { url = "https://files.pythonhosted.org/packages/1e/d3/26bf1008eb3d2daa8ef4cacc7f3bfdc11818d111f7e2d0201bc6e3b49d45/annotated_doc-0.0.4-py3-none-any.whl", hash = "sha256:571ac1dc6991c450b25a9c2d84a3705e2ae7a53467b5d111c24fa8baabbed320", size = 5303, upload-time = "2025-11-10T22:07:40.673Z" },
]

[[package]]
name = "annotated-types"
version = "0.7.0"
source = { registry = "https://pypi.org/simple" }
sdist = { url = "https://files.pythonhosted.org/packages/ee/67/531ea369ba64dcff5ec9c3402f9f51bf748cec26dde048a2f973a4eea7f5/annotated_types-0.7.0.tar.gz", hash = "sha256:aff07c09a53a08bc8cfccb9c85b05f1aa9a2a6f23728d790723543408344ce89", size = 16081, upload-time = "2024-05-20T21:33:25.928Z" }
wheels = [
    { url = "https://files.pythonhosted.org/packages/78/b6/6307fbef88d9b5ee7421e68d78a9f162e0da4900bc5f5793f6d3d0e34fb8/annotated_types-0.7.0-py3-none-any.whl", hash = "sha256:1f02e8b43a8fbbc3f3e0d4f0f4bfc8131bcb4eebe8849b8e5c773f3a1c582a53", size = 13643, upload-time = "2024-05-20T21:33:24.1Z" },
]

[[package]]
name = "colorama"
version = "0.4.6"
source = { registry = "https://pypi.org/simple" }
sdist = { url = "https://files.pythonhosted.org/packages/d8/53/6f443c9a4a8358a93a6792e2acffb9d9d5cb0a5cfd8802644b7b1c9a02e4/colorama-0.4.6.tar.gz", hash = "sha256:08695f5cb7ed6e0531a20572697297273c47b8cae5a63ffc6d6ed5c201be6e44", size = 27697, upload-time = "2022-10-25T02:36:22.414Z" }
wheels = [
    { url = "https://files.pythonhosted.org/packages/d1/d6/3965ed04c63042e047cb6a3e6ed1a63a35087b6a609aa3a15ed8ac56c221/colorama-0.4.6-py2.py3-none-any.whl", hash = "sha256:4f1d9991f5acc0ca119f9d443620b77f9d6b33703e51011c16baf57afb285fc6", size = 25335, upload-time = "2022-10-25T02:36:20.889Z" },
]

[[package]]
name = "iniconfig"
version = "2.3.0"
source = { registry = "https://pypi.org/simple" }
sdist = { url = "https://files.pythonhosted.org/packages/72/34/14ca021ce8e5dfedc35312d08ba8bf51fdd999c576889fc2c24cb97f4f10/iniconfig-2.3.0.tar.gz", hash = "sha256:c76315c77db068650d49c5b56314774a7804df16fee4402c1f19d6d15d8c4730", size = 20503, upload-time = "2025-10-18T21:55:43.219Z" }
wheels = [
    { url = "https://files.pythonhosted.org/packages/cb/b1/3846dd7f199d53cb17f49cba7e651e9ce294d8497c8c150530ed11865bb8/iniconfig-2.3.0-py3-none-any.whl", hash = "sha256:f631c04d2c48c52b84d0d0549c99ff3859c98df65b3101406327ecc7d53fbf12", size = 7484, upload-time = "2025-10-18T21:55:41.639Z" },
]

[[package]]
name = "joblib"
version = "1.5.3"
source = { registry = "https://pypi.org/simple" }
sdist = { url = "https://files.pythonhosted.org/packages/41/f2/d34e8b3a08a9cc79a50b2208a93dce981fe615b64d5a4d4abee421d898df/joblib-1.5.3.tar.gz", hash = "sha256:8561a3269e6801106863fd0d6d84bb737be9e7631e33aaed3fb9ce5953688da3", size = 331603, upload-time = "2025-12-15T08:41:46.427Z" }
wheels = [
    { url = "https://files.pythonhosted.org/packages/7b/91/984aca2ec129e2757d1e4e3c81c3fcda9d0f85b74670a094cc443d9ee949/joblib-1.5.3-py3-none-any.whl", hash = "sha256:5fc3c5039fc5ca8c0276333a188bbd59d6b7ab37fe6632daa76bc7f9ec18e713", size = 309071, upload-time = "2025-12-15T08:41:44.973Z" },
]

[[package]]
name = "markdown-it-py"
version = "4.2.0"
source = { registry = "https://pypi.org/simple" }
dependencies = [
    { name = "mdurl" },
]
sdist = { url = "https://files.pythonhosted.org/packages/06/ff/7841249c247aa650a76b9ee4bbaeae59370dc8bfd2f6c01f3630c35eb134/markdown_it_py-4.2.0.tar.gz", hash = "sha256:04a21681d6fbb623de53f6f364d352309d4094dd4194040a10fd51833e418d49", size = 82454, upload-time = "2026-05-07T12:08:28.36Z" }
wheels = [
    { url = "https://files.pythonhosted.org/packages/b3/81/4da04ced5a082363ecfa159c010d200ecbd959ae410c10c0264a38cac0f5/markdown_it_py-4.2.0-py3-none-any.whl", hash = "sha256:9f7ebbcd14fe59494226453aed97c1070d83f8d24b6fc3a3bcf9a38092641c4a", size = 91687, upload-time = "2026-05-07T12:08:27.182Z" },
]

[[package]]
name = "mdurl"
version = "0.1.2"
source = { registry = "https://pypi.org/simple" }
sdist = { url = "https://files.pythonhosted.org/packages/d6/54/cfe61301667036ec958cb99bd3efefba235e65cdeb9c84d24a8293ba1d90/mdurl-0.1.2.tar.gz", hash = "sha256:bb413d29f5eea38f31dd4754dd7377d4465116fb207585f97bf925588687c1ba", size = 8729, upload-time = "2022-08-14T12:40:10.846Z" }
wheels = [
    { url = "https://files.pythonhosted.org/packages/b3/38/89ba8ad64ae25be8de66a6d463314cf1eb366222074cfda9ee839c56a4b4/mdurl-0.1.2-py3-none-any.whl", hash = "sha256:84008a41e51615a49fc9966191ff91509e3c40b939176e643fd50a5c2196b8f8", size = 9979, upload-time = "2022-08-14T12:40:09.779Z" },
]

[[package]]
name = "narwhals"
version = "2.23.0"
source = { registry = "https://pypi.org/simple" }
sdist = { url = "https://files.pythonhosted.org/packages/e8/ac/66ed1fc6e38a0c0f330627ec5c5d597990d6159b6712b82af0ad2c65f06c/narwhals-2.23.0.tar.gz", hash = "sha256:13e7ff5b4bb4a2f77b907c2e4d8a76e273dfc1323a3c997440a2f9fd26aed408", size = 656209, upload-time = "2026-07-01T11:21:53.278Z" }
wheels = [
    { url = "https://files.pythonhosted.org/packages/f4/4e/afc8c31605cb8be1d3bb4438c4d979daa104dab6306cd2b87abe9c3a7299/narwhals-2.23.0-py3-none-any.whl", hash = "sha256:769e7b9ab102c93d8fa019f6b4cd1a657909b04a20bf6210e5a35aae06814ae9", size = 458938, upload-time = "2026-07-01T11:21:51.677Z" },
]

[[package]]
name = "numpy"
version = "2.5.0"
source = { registry = "https://pypi.org/simple" }
sdist = { url = "https://files.pythonhosted.org/packages/e7/05/3d27272d30698dc0ecb7fdfaa41ad70303b444f81722bb99bce1d818638a/numpy-2.5.0.tar.gz", hash = "sha256:5a129578019311b6e56bdd714250f19b518f7dceeeb8d1af5490f4942d3f891c", size = 20652461, upload-time = "2026-06-21T20:57:51.95Z" }
wheels = [
    { url = "https://files.pythonhosted.org/packages/fa/0a/11486d02add7b1384dff7374d124b1cfbb0ee864dcc9f6a2c0380638cf84/numpy-2.5.0-cp312-cp312-macosx_10_13_x86_64.whl", hash = "sha256:489780423903667933b4ed6197b6ec3b75ea5dd17d1d8f0f38d798feb6921561", size = 16789987, upload-time = "2026-06-21T20:56:16.657Z" },
    { url = "https://files.pythonhosted.org/packages/55/b2/285f48640a181947b4587a3766d21ec1eaa7fea833d4b49957e09da467a2/numpy-2.5.0-cp312-cp312-macosx_11_0_arm64.whl", hash = "sha256:ece55976ced6bca95a03ae2839e2e5ccffe8eb6a3e7022415645eb154a81e4e6", size = 11760322, upload-time = "2026-06-21T20:56:19.813Z" },
    { url = "https://files.pythonhosted.org/packages/dd/67/b032db1eb03ca30d16eda3b0c22aaa615338b9263c2fd559d0f29451aca4/numpy-2.5.0-cp312-cp312-macosx_14_0_arm64.whl", hash = "sha256:c83b664b0e6eee9594fa920cf0639d8af796606d3fad6cc70180c87e4b97c7be", size = 5319605, upload-time = "2026-06-21T20:56:22.173Z" },
    { url = "https://files.pythonhosted.org/packages/b9/83/03fc7300c7c6b6c84c487b1dc80d322817b95fbd1f4dd57a85e23b7198de/numpy-2.5.0-cp312-cp312-macosx_14_0_x86_64.whl", hash = "sha256:bf80333980bf37f523341ddd72c783f39d6829ec7736b9eb99086388a2d52cc2", size = 6653628, upload-time = "2026-06-21T20:56:23.914Z" },
    { url = "https://files.pythonhosted.org/packages/82/49/2ec21730bc63ccfda829323f7040a8ed4715b3852ce658689cf74ee96a8c/numpy-2.5.0-cp312-cp312-manylinux_2_27_aarch64.manylinux_2_28_aarch64.whl", hash = "sha256:a1a4874217b36d5ac8fc876f52e39df56f8182c88463e9e2dceabf7ca8b7efb8", size = 15153691, upload-time = "2026-06-21T20:56:25.631Z" },
    { url = "https://files.pythonhosted.org/packages/bb/6b/f4a3d0637692c49da8ef99d72d52526f92e0a8d6ac4f0ca9f31441b9d9ea/numpy-2.5.0-cp312-cp312-manylinux_2_27_x86_64.manylinux_2_28_x86_64.whl", hash = "sha256:aaa760137137e8d3c920d27927748215b56014f92667dc9b6c27dfc61249255a", size = 16660066, upload-time = "2026-06-21T20:56:28.009Z" },
    { url = "https://files.pythonhosted.org/packages/3a/2f/c354ec86d1f3f5c19649463b0d39652e160736e5b0a4cd18dff0576715c4/numpy-2.5.0-cp312-cp312-musllinux_1_2_aarch64.whl", hash = "sha256:7174ce8265fc7f7417d171c9ea8fe905220748893ea67a2a7abe726ec331c4b0", size = 16514638, upload-time = "2026-06-21T20:56:30.26Z" },
    { url = "https://files.pythonhosted.org/packages/06/34/43efdcb319988648580f93c11f1ae82cf7e2faa74925e98e454ae3aa95f8/numpy-2.5.0-cp312-cp312-musllinux_1_2_x86_64.whl", hash = "sha256:b8c3daaf99de52415d20b42f8e8155c78642cb04207d02f9d317a0dcf1b3fb54", size = 18419647, upload-time = "2026-06-21T20:56:32.41Z" },
    { url = "https://files.pythonhosted.org/packages/71/e2/f5d1676b1d7fb682eb5e9a1641e7ebd2414b3216c370661d1029778908b4/numpy-2.5.0-cp312-cp312-win32.whl", hash = "sha256:6206db0af545d73d068add6d992279145f158428d1da6cc49adc4b630c5d6ee5", size = 6056688, upload-time = "2026-06-21T20:56:34.657Z" },
    { url = "https://files.pythonhosted.org/packages/8f/7c/48f115d1c58a34032facebcd51fdf2d02df2c51d4a46a81dd1197bb2ea6b/numpy-2.5.0-cp312-cp312-win_amd64.whl", hash = "sha256:6f2d6873e2940c860a309d21e25b1e69af6aaffdd80aa056b04c16380db1c4f2", size = 12419237, upload-time = "2026-06-21T20:56:36.24Z" },
    { url = "https://files.pythonhosted.org/packages/86/26/2e0882f4044d1b1a1b63e875151fb2393389032022a8b7f5657a7996d3b2/numpy-2.5.0-cp312-cp312-win_arm64.whl", hash = "sha256:a55e1eb2bca2cfd17a16b213c99dfc8502d47b0d494224d2122277d0400935ca", size = 10339912, upload-time = "2026-06-21T20:56:38.733Z" },
]

[[package]]
name = "packaging"
version = "26.2"
source = { registry = "https://pypi.org/simple" }
sdist = { url = "https://files.pythonhosted.org/packages/d7/f1/e7a6dd94a8d4a5626c03e4e99c87f241ba9e350cd9e6d75123f992427270/packaging-26.2.tar.gz", hash = "sha256:ff452ff5a3e828ce110190feff1178bb1f2ea2281fa2075aadb987c2fb221661", size = 228134, upload-time = "2026-04-24T20:15:23.917Z" }
wheels = [
    { url = "https://files.pythonhosted.org/packages/df/b2/87e62e8c3e2f4b32e5fe99e0b86d576da1312593b39f47d8ceef365e95ed/packaging-26.2-py3-none-any.whl", hash = "sha256:5fc45236b9446107ff2415ce77c807cee2862cb6fac22b8a73826d0693b0980e", size = 100195, upload-time = "2026-04-24T20:15:22.081Z" },
]

[[package]]
name = "pandas"
version = "3.0.3"
source = { registry = "https://pypi.org/simple" }
dependencies = [
    { name = "numpy" },
    { name = "python-dateutil" },
    { name = "tzdata", marker = "sys_platform == 'emscripten' or sys_platform == 'win32'" },
]
sdist = { url = "https://files.pythonhosted.org/packages/f8/87/4341c6252d1c47b08768c3d25ac487362bf403f0313ddae4a2a26c9b1b4c/pandas-3.0.3.tar.gz", hash = "sha256:696a4a00a2a2a35d4e5deb3fc946641b96c944f02230e4f76137fe35d806c4fc", size = 4651414, upload-time = "2026-05-11T18:54:29.21Z" }
wheels = [
    { url = "https://files.pythonhosted.org/packages/24/f1/392f8c5bfc16f66a0d2d41561c01627c228fe7ed2a0d056ef11315042570/pandas-3.0.3-cp312-cp312-macosx_10_13_x86_64.whl", hash = "sha256:fed2ff7fd9779120e388e285fc029bd5cf9490cdd2e4166a9ee22c0e49a9ab09", size = 10357846, upload-time = "2026-05-11T18:52:36.143Z" },
    { url = "https://files.pythonhosted.org/packages/cf/3d/b16412745651e855f357e5e66930248688378853a6e2698a214e331fba1f/pandas-3.0.3-cp312-cp312-macosx_11_0_arm64.whl", hash = "sha256:b168fc218fd80a6cbdbdbc1a97ddc7889ed057d7eb45f50d866ceab5f39904c4", size = 9899550, upload-time = "2026-05-11T18:52:38.976Z" },
    { url = "https://files.pythonhosted.org/packages/31/a8/fa2535168fffcedf67f4f6de28d2dd903a747ca7c8ea6989451aaeb3a92f/pandas-3.0.3-cp312-cp312-manylinux_2_24_aarch64.manylinux_2_28_aarch64.whl", hash = "sha256:0383c72c75cdcca61a9e116e611143902dbfd08bff356829c2f6d1cf40a9ca8c", size = 10412965, upload-time = "2026-05-11T18:52:41.915Z" },
    { url = "https://files.pythonhosted.org/packages/65/b6/09b01cdbc15224e2850365192d17b7bdebb8bdbd8780ed221fcdf0d9a515/pandas-3.0.3-cp312-cp312-manylinux_2_24_x86_64.manylinux_2_28_x86_64.whl", hash = "sha256:6dc0b3fd2169c9157deed50b4d519553a3655c8c6a96027136d654592be973a9", size = 10894600, upload-time = "2026-05-11T18:52:45.02Z" },
    { url = "https://files.pythonhosted.org/packages/c9/a4/2eb28f2fccb4ced4a2c79ab2a5dee9ade1ebf44922ebad6fea158c9f95d4/pandas-3.0.3-cp312-cp312-musllinux_1_2_aarch64.whl", hash = "sha256:7e65d5407dc0b394f509699650e4a2ec01c0514f21850f453fa60f3be79a5dbf", size = 11422824, upload-time = "2026-05-11T18:52:48.058Z" },
    { url = "https://files.pythonhosted.org/packages/f8/45/830bb57f533a4604b355e07edcb8ea18cf88b5f94e5fca92f27052d7c597/pandas-3.0.3-cp312-cp312-musllinux_1_2_x86_64.whl", hash = "sha256:f8894dc474d648fe7b6ff0ca9b0bd73950d19952bc1a6534540762c5d79d305c", size = 11950889, upload-time = "2026-05-11T18:52:50.905Z" },
    { url = "https://files.pythonhosted.org/packages/b9/c5/fc1b368f303087d20e8c9bf3d6ceb186263cfac0ade735cd938538bea839/pandas-3.0.3-cp312-cp312-win_amd64.whl", hash = "sha256:c7be265b62cef88e253a941e4698604973736dcfe242fdb5198f0f7bc473cdcc", size = 9755463, upload-time = "2026-05-11T18:52:53.386Z" },
    { url = "https://files.pythonhosted.org/packages/86/bd/fda8f9705b1b09c6ebe14bfc0fa0e4ec8584d54ea673628f157ff55131af/pandas-3.0.3-cp312-cp312-win_arm64.whl", hash = "sha256:557409bc4178e70ee8d9ddb494798e51ebf6ea59330f6be22c51bab2a7db6c49", size = 9066158, upload-time = "2026-05-11T18:52:56.038Z" },
]

[[package]]
name = "pluggy"
version = "1.6.0"
source = { registry = "https://pypi.org/simple" }
sdist = { url = "https://files.pythonhosted.org/packages/f9/e2/3e91f31a7d2b083fe6ef3fa267035b518369d9511ffab804f839851d2779/pluggy-1.6.0.tar.gz", hash = "sha256:7dcc130b76258d33b90f61b658791dede3486c3e6bfb003ee5c9bfb396dd22f3", size = 69412, upload-time = "2025-05-15T12:30:07.975Z" }
wheels = [
    { url = "https://files.pythonhosted.org/packages/54/20/4d324d65cc6d9205fabedc306948156824eb9f0ee1633355a8f7ec5c66bf/pluggy-1.6.0-py3-none-any.whl", hash = "sha256:e920276dd6813095e9377c0bc5566d94c932c33b27a3e3945d8389c374dd4746", size = 20538, upload-time = "2025-05-15T12:30:06.134Z" },
]

[[package]]
name = "pydantic"
version = "2.13.4"
source = { registry = "https://pypi.org/simple" }
dependencies = [
    { name = "annotated-types" },
    { name = "pydantic-core" },
    { name = "typing-extensions" },
    { name = "typing-inspection" },
]
sdist = { url = "https://files.pythonhosted.org/packages/18/a5/b60d21ac674192f8ab0ba4e9fd860690f9b4a6e51ca5df118733b487d8d6/pydantic-2.13.4.tar.gz", hash = "sha256:c40756b57adaa8b1efeeced5c196f3f3b7c435f90e84ea7f443901bec8099ef6", size = 844775, upload-time = "2026-05-06T13:43:05.343Z" }
wheels = [
    { url = "https://files.pythonhosted.org/packages/fd/7b/122376b1fd3c62c1ed9dc80c931ace4844b3c55407b6fb2d199377c9736f/pydantic-2.13.4-py3-none-any.whl", hash = "sha256:45a282cde31d808236fd7ea9d919b128653c8b38b393d1c4ab335c62924d9aba", size = 472262, upload-time = "2026-05-06T13:43:02.641Z" },
]

[[package]]
name = "pydantic-core"
version = "2.46.4"
source = { registry = "https://pypi.org/simple" }
dependencies = [
    { name = "typing-extensions" },
]
sdist = { url = "https://files.pythonhosted.org/packages/9d/56/921726b776ace8d8f5db44c4ef961006580d91dc52b803c489fafd1aa249/pydantic_core-2.46.4.tar.gz", hash = "sha256:62f875393d7f270851f20523dd2e29f082bcc82292d66db2b64ea71f64b6e1c1", size = 471464, upload-time = "2026-05-06T13:37:06.98Z" }
wheels = [
    { url = "https://files.pythonhosted.org/packages/ce/8c/af022f0af448d7747c5154288d46b5f2bc5f17366eaa0e23e9aa04d59f3b/pydantic_core-2.46.4-cp312-cp312-macosx_10_12_x86_64.whl", hash = "sha256:3245406455a5d98187ec35530fd772b1d799b26667980872c8d4614991e2c4a2", size = 2106158, upload-time = "2026-05-06T13:38:57.215Z" },
    { url = "https://files.pythonhosted.org/packages/19/95/6195171e385007300f0f5574592e467c568becce2d937a0b6804f218bc49/pydantic_core-2.46.4-cp312-cp312-macosx_11_0_arm64.whl", hash = "sha256:962ccbab7b642487b1d8b7df90ef677e03134cf1fd8880bf698649b22a69371f", size = 1951724, upload-time = "2026-05-06T13:37:02.697Z" },
    { url = "https://files.pythonhosted.org/packages/8e/bc/f47d1ff9cbb1620e1b5b697eef06010035735f07820180e74178226b27b3/pydantic_core-2.46.4-cp312-cp312-manylinux_2_17_aarch64.manylinux2014_aarch64.whl", hash = "sha256:8233f2947cf85404441fd7e0085f53b10c93e0ee78611099b5c7237e36aacbf7", size = 1975742, upload-time = "2026-05-06T13:37:09.448Z" },
    { url = "https://files.pythonhosted.org/packages/5b/11/9b9a5b0306345664a2da6410877af6e8082481b5884b3ddd78d47c6013ce/pydantic_core-2.46.4-cp312-cp312-manylinux_2_17_armv7l.manylinux2014_armv7l.whl", hash = "sha256:3a233125ac121aa3ffba9a2b59edfc4a985a76092dc8279586ab4b71390875e7", size = 2052418, upload-time = "2026-05-06T13:37:38.234Z" },
    { url = "https://files.pythonhosted.org/packages/f1/b7/a65fec226f5d78fc39f4a13c4cc0c768c22b113438f60c14adc9d2865038/pydantic_core-2.46.4-cp312-cp312-manylinux_2_17_ppc64le.manylinux2014_ppc64le.whl", hash = "sha256:5b712b53160b79a5850310b912a5ef8e57e56947c8ad690c227f5c9d7e561712", size = 2232274, upload-time = "2026-05-06T13:38:27.753Z" },
    { url = "https://files.pythonhosted.org/packages/68/f0/92039db98b907ef49269a8271f67db9cb78ae2fc68062ef7e4e77adb5f61/pydantic_core-2.46.4-cp312-cp312-manylinux_2_17_s390x.manylinux2014_s390x.whl", hash = "sha256:9401557acd873c3a7f3eb9383edef8ac4968f9510e340f4808d427e75667e7b4", size = 2309940, upload-time = "2026-05-06T13:38:05.353Z" },
    { url = "https://files.pythonhosted.org/packages/5f/97/2aab507d3d00ca626e8e57c1eac6a79e4e5fbcc63eb99733ff55d1717f65/pydantic_core-2.46.4-cp312-cp312-manylinux_2_17_x86_64.manylinux2014_x86_64.whl", hash = "sha256:926c9541b14b12b1681dca8a0b75feb510b06c6341b70a8e500c2fdcff837cce", size = 2094516, upload-time = "2026-05-06T13:39:10.577Z" },
    { url = "https://files.pythonhosted.org/packages/22/37/a8aca44d40d737dde2bc05b3c6c07dff0de07ce6f82e9f3167aeaf4d5dea/pydantic_core-2.46.4-cp312-cp312-manylinux_2_31_riscv64.whl", hash = "sha256:56cb4851bcaf3d117eddcef4fe66afd750a50274b0da8e22be256d10e5611987", size = 2136854, upload-time = "2026-05-06T13:40:22.59Z" },
    { url = "https://files.pythonhosted.org/packages/24/99/fcef1b79238c06a8cbec70819ac722ba76e02bc8ada9b0fd66eba40da01b/pydantic_core-2.46.4-cp312-cp312-manylinux_2_5_i686.manylinux1_i686.whl", hash = "sha256:c68fcd102d71ea85c5b2dfac3f4f8476eff42a9e078fd5faefff6d145063536b", size = 2180306, upload-time = "2026-05-06T13:40:10.666Z" },
    { url = "https://files.pythonhosted.org/packages/ae/6c/fc44000918855b42779d007ae63b0532794739027b2f417321cddbc44f6a/pydantic_core-2.46.4-cp312-cp312-musllinux_1_1_aarch64.whl", hash = "sha256:b2f69dec1725e79a012d920df1707de5caf7ed5e08f3be4435e25803efc47458", size = 2190044, upload-time = "2026-05-06T13:40:43.231Z" },
    { url = "https://files.pythonhosted.org/packages/6b/65/d9cadc9f1920d7a127ad2edba16c1db7916e59719285cd6c94600b0080ba/pydantic_core-2.46.4-cp312-cp312-musllinux_1_1_armv7l.whl", hash = "sha256:8d0820e8192167f80d88d64038e609c31452eeca865b4e1d9950a27a4609b00b", size = 2329133, upload-time = "2026-05-06T13:39:57.365Z" },
    { url = "https://files.pythonhosted.org/packages/d0/cf/c873d91679f3a30bcf5e7ac280ce5573483e72295307685120d0d5ad3416/pydantic_core-2.46.4-cp312-cp312-musllinux_1_1_x86_64.whl", hash = "sha256:fbdb89b3e1c94a30cc5edfce477c6e6a5dc4d8f84665b455c27582f211a1c72c", size = 2374464, upload-time = "2026-05-06T13:38:06.976Z" },
    { url = "https://files.pythonhosted.org/packages/47/bd/6f2fc8188f31bf10590f1e98e7b306336161fac930a8c514cd7bd828c7dc/pydantic_core-2.46.4-cp312-cp312-win32.whl", hash = "sha256:9aa768456404a8bf48a4406685ac2bec8e72b62c69313734fa3b73cf33b3a894", size = 1974823, upload-time = "2026-05-06T13:40:47.985Z" },
    { url = "https://files.pythonhosted.org/packages/40/8c/985c1d41ea1107c2534abd9870e4ed5c8e7669b5c308297835c001e7a1c4/pydantic_core-2.46.4-cp312-cp312-win_amd64.whl", hash = "sha256:e9c26f834c65f5752f3f06cb08cb86a913ceb7274d0db6e267808a708b46bc89", size = 2072919, upload-time = "2026-05-06T13:39:21.153Z" },
    { url = "https://files.pythonhosted.org/packages/c4/ba/f463d006e0c47373ca7ec5e1a261c59dc01ef4d62b2657af925fb0deee3a/pydantic_core-2.46.4-cp312-cp312-win_arm64.whl", hash = "sha256:4fc73cb559bdb54b1134a706a2802a4cddd27a0633f5abb7e53056268751ac6a", size = 2027604, upload-time = "2026-05-06T13:39:03.753Z" },
    { url = "https://files.pythonhosted.org/packages/9d/1d/8987ad40f65ae1432753072f214fb5c74fe47ffbd0698bb9cbbb585664f8/pydantic_core-2.46.4-graalpy312-graalpy250_312_native-macosx_10_12_x86_64.whl", hash = "sha256:1d8ba486450b14f3b1d63bc521d410ec7565e52f887b9fb671791886436a42f7", size = 2095527, upload-time = "2026-05-06T13:39:52.283Z" },
    { url = "https://files.pythonhosted.org/packages/64/d3/84c282a7eee1d3ac4c0377546ef5a1ea436ce26840d9ac3b7ed54a377507/pydantic_core-2.46.4-graalpy312-graalpy250_312_native-macosx_11_0_arm64.whl", hash = "sha256:3009f12e4e90b7f88b4f9adb1b0c4a3d58fe7820f3238c190047209d148026df", size = 1936024, upload-time = "2026-05-06T13:40:15.671Z" },
    { url = "https://files.pythonhosted.org/packages/d7/ca/eac61596cdeb4d7e174d3dc0bd8a6238f14f75f97a24e7b7db4c7e7340a0/pydantic_core-2.46.4-graalpy312-graalpy250_312_native-manylinux_2_17_aarch64.manylinux2014_aarch64.whl", hash = "sha256:ad785e92e6dc634c21555edc8bd6b64957ab844541bcb96a1366c202951ae526", size = 1990696, upload-time = "2026-05-06T13:38:34.717Z" },
    { url = "https://files.pythonhosted.org/packages/fa/c3/7c8b240552251faf6b3a957db200fcfbbcec36763c050428b601e0c9b83b/pydantic_core-2.46.4-graalpy312-graalpy250_312_native-manylinux_2_17_x86_64.manylinux2014_x86_64.whl", hash = "sha256:00c603d540afdd6b80eb39f078f33ebd46211f02f33e34a32d9f053bba711de0", size = 2147590, upload-time = "2026-05-06T13:39:29.883Z" },
]

[[package]]
name = "pydot"
version = "4.0.1"
source = { registry = "https://pypi.org/simple" }
dependencies = [
    { name = "pyparsing" },
]
sdist = { url = "https://files.pythonhosted.org/packages/50/35/b17cb89ff865484c6a20ef46bf9d95a5f07328292578de0b295f4a6beec2/pydot-4.0.1.tar.gz", hash = "sha256:c2148f681c4a33e08bf0e26a9e5f8e4099a82e0e2a068098f32ce86577364ad5", size = 162594, upload-time = "2025-06-17T20:09:56.454Z" }
wheels = [
    { url = "https://files.pythonhosted.org/packages/7e/32/a7125fb28c4261a627f999d5fb4afff25b523800faed2c30979949d6facd/pydot-4.0.1-py3-none-any.whl", hash = "sha256:869c0efadd2708c0be1f916eb669f3d664ca684bc57ffb7ecc08e70d5e93fee6", size = 37087, upload-time = "2025-06-17T20:09:55.25Z" },
]

[[package]]
name = "pygments"
version = "2.20.0"
source = { registry = "https://pypi.org/simple" }
sdist = { url = "https://files.pythonhosted.org/packages/c3/b2/bc9c9196916376152d655522fdcebac55e66de6603a76a02bca1b6414f6c/pygments-2.20.0.tar.gz", hash = "sha256:6757cd03768053ff99f3039c1a36d6c0aa0b263438fcab17520b30a303a82b5f", size = 4955991, upload-time = "2026-03-29T13:29:33.898Z" }
wheels = [
    { url = "https://files.pythonhosted.org/packages/f4/7e/a72dd26f3b0f4f2bf1dd8923c85f7ceb43172af56d63c7383eb62b332364/pygments-2.20.0-py3-none-any.whl", hash = "sha256:81a9e26dd42fd28a23a2d169d86d7ac03b46e2f8b59ed4698fb4785f946d0176", size = 1231151, upload-time = "2026-03-29T13:29:30.038Z" },
]

[[package]]
name = "pyparsing"
version = "3.3.2"
source = { registry = "https://pypi.org/simple" }
sdist = { url = "https://files.pythonhosted.org/packages/f3/91/9c6ee907786a473bf81c5f53cf703ba0957b23ab84c264080fb5a450416f/pyparsing-3.3.2.tar.gz", hash = "sha256:c777f4d763f140633dcb6d8a3eda953bf7a214dc4eff598413c070bcdc117cbc", size = 6851574, upload-time = "2026-01-21T03:57:59.36Z" }
wheels = [
    { url = "https://files.pythonhosted.org/packages/10/bd/c038d7cc38edc1aa5bf91ab8068b63d4308c66c4c8bb3cbba7dfbc049f9c/pyparsing-3.3.2-py3-none-any.whl", hash = "sha256:850ba148bd908d7e2411587e247a1e4f0327839c40e2e5e6d05a007ecc69911d", size = 122781, upload-time = "2026-01-21T03:57:55.912Z" },
]

[[package]]
name = "pytest"
version = "9.1.1"
source = { registry = "https://pypi.org/simple" }
dependencies = [
    { name = "colorama", marker = "sys_platform == 'win32'" },
    { name = "iniconfig" },
    { name = "packaging" },
    { name = "pluggy" },
    { name = "pygments" },
]
sdist = { url = "https://files.pythonhosted.org/packages/e4/47/b9efed96c114afcfa3c9d3fe98a76a1d14c74a9e266d397cf6eb64be5e01/pytest-9.1.1.tar.gz", hash = "sha256:1088fbde8f2b49d95a549a195707afa7a76a3ce9bcadc26b6d71f0ffda5fe313", size = 1636369, upload-time = "2026-06-19T10:58:32.857Z" }
wheels = [
    { url = "https://files.pythonhosted.org/packages/24/25/1de2678b631f5a49215c6c96fff41ba892b0a34df68d6d80292b1b48aa7f/pytest-9.1.1-py3-none-any.whl", hash = "sha256:37a86b45efb9a47a61a36449063e8e18d0cab3161329fc099eb21783169c4f0c", size = 386536, upload-time = "2026-06-19T10:58:31.347Z" },
]

[[package]]
name = "python-dateutil"
version = "2.9.0.post0"
source = { registry = "https://pypi.org/simple" }
dependencies = [
    { name = "six" },
]
sdist = { url = "https://files.pythonhosted.org/packages/66/c0/0c8b6ad9f17a802ee498c46e004a0eb49bc148f2fd230864601a86dcf6db/python-dateutil-2.9.0.post0.tar.gz", hash = "sha256:37dd54208da7e1cd875388217d5e00ebd4179249f90fb72437e91a35459a0ad3", size = 342432, upload-time = "2024-03-01T18:36:20.211Z" }
wheels = [
    { url = "https://files.pythonhosted.org/packages/ec/57/56b9bcc3c9c6a792fcbaf139543cee77261f3651ca9da0c93f5c1221264b/python_dateutil-2.9.0.post0-py2.py3-none-any.whl", hash = "sha256:a8b2bc7bffae282281c8140a97d3aa9c14da0b136dfe83f850eea9a5f7470427", size = 229892, upload-time = "2024-03-01T18:36:18.57Z" },
]

[[package]]
name = "pyyaml"
version = "6.0.3"
source = { registry = "https://pypi.org/simple" }
sdist = { url = "https://files.pythonhosted.org/packages/05/8e/961c0007c59b8dd7729d542c61a4d537767a59645b82a0b521206e1e25c2/pyyaml-6.0.3.tar.gz", hash = "sha256:d76623373421df22fb4cf8817020cbb7ef15c725b9d5e45f17e189bfc384190f", size = 130960, upload-time = "2025-09-25T21:33:16.546Z" }
wheels = [
    { url = "https://files.pythonhosted.org/packages/d1/33/422b98d2195232ca1826284a76852ad5a86fe23e31b009c9886b2d0fb8b2/pyyaml-6.0.3-cp312-cp312-macosx_10_13_x86_64.whl", hash = "sha256:7f047e29dcae44602496db43be01ad42fc6f1cc0d8cd6c83d342306c32270196", size = 182063, upload-time = "2025-09-25T21:32:11.445Z" },
    { url = "https://files.pythonhosted.org/packages/89/a0/6cf41a19a1f2f3feab0e9c0b74134aa2ce6849093d5517a0c550fe37a648/pyyaml-6.0.3-cp312-cp312-macosx_11_0_arm64.whl", hash = "sha256:fc09d0aa354569bc501d4e787133afc08552722d3ab34836a80547331bb5d4a0", size = 173973, upload-time = "2025-09-25T21:32:12.492Z" },
    { url = "https://files.pythonhosted.org/packages/ed/23/7a778b6bd0b9a8039df8b1b1d80e2e2ad78aa04171592c8a5c43a56a6af4/pyyaml-6.0.3-cp312-cp312-manylinux2014_aarch64.manylinux_2_17_aarch64.manylinux_2_28_aarch64.whl", hash = "sha256:9149cad251584d5fb4981be1ecde53a1ca46c891a79788c0df828d2f166bda28", size = 775116, upload-time = "2025-09-25T21:32:13.652Z" },
    { url = "https://files.pythonhosted.org/packages/65/30/d7353c338e12baef4ecc1b09e877c1970bd3382789c159b4f89d6a70dc09/pyyaml-6.0.3-cp312-cp312-manylinux2014_s390x.manylinux_2_17_s390x.manylinux_2_28_s390x.whl", hash = "sha256:5fdec68f91a0c6739b380c83b951e2c72ac0197ace422360e6d5a959d8d97b2c", size = 844011, upload-time = "2025-09-25T21:32:15.21Z" },
    { url = "https://files.pythonhosted.org/packages/8b/9d/b3589d3877982d4f2329302ef98a8026e7f4443c765c46cfecc8858c6b4b/pyyaml-6.0.3-cp312-cp312-manylinux2014_x86_64.manylinux_2_17_x86_64.manylinux_2_28_x86_64.whl", hash = "sha256:ba1cc08a7ccde2d2ec775841541641e4548226580ab850948cbfda66a1befcdc", size = 807870, upload-time = "2025-09-25T21:32:16.431Z" },
    { url = "https://files.pythonhosted.org/packages/05/c0/b3be26a015601b822b97d9149ff8cb5ead58c66f981e04fedf4e762f4bd4/pyyaml-6.0.3-cp312-cp312-musllinux_1_2_aarch64.whl", hash = "sha256:8dc52c23056b9ddd46818a57b78404882310fb473d63f17b07d5c40421e47f8e", size = 761089, upload-time = "2025-09-25T21:32:17.56Z" },
    { url = "https://files.pythonhosted.org/packages/be/8e/98435a21d1d4b46590d5459a22d88128103f8da4c2d4cb8f14f2a96504e1/pyyaml-6.0.3-cp312-cp312-musllinux_1_2_x86_64.whl", hash = "sha256:41715c910c881bc081f1e8872880d3c650acf13dfa8214bad49ed4cede7c34ea", size = 790181, upload-time = "2025-09-25T21:32:18.834Z" },
    { url = "https://files.pythonhosted.org/packages/74/93/7baea19427dcfbe1e5a372d81473250b379f04b1bd3c4c5ff825e2327202/pyyaml-6.0.3-cp312-cp312-win32.whl", hash = "sha256:96b533f0e99f6579b3d4d4995707cf36df9100d67e0c8303a0c55b27b5f99bc5", size = 137658, upload-time = "2025-09-25T21:32:20.209Z" },
    { url = "https://files.pythonhosted.org/packages/86/bf/899e81e4cce32febab4fb42bb97dcdf66bc135272882d1987881a4b519e9/pyyaml-6.0.3-cp312-cp312-win_amd64.whl", hash = "sha256:5fcd34e47f6e0b794d17de1b4ff496c00986e1c83f7ab2fb8fcfe9616ff7477b", size = 154003, upload-time = "2025-09-25T21:32:21.167Z" },
    { url = "https://files.pythonhosted.org/packages/1a/08/67bd04656199bbb51dbed1439b7f27601dfb576fb864099c7ef0c3e55531/pyyaml-6.0.3-cp312-cp312-win_arm64.whl", hash = "sha256:64386e5e707d03a7e172c0701abfb7e10f0fb753ee1d773128192742712a98fd", size = 140344, upload-time = "2025-09-25T21:32:22.617Z" },
]

[[package]]
name = "rebase-hillclimb"
version = "0.1.0"
source = { editable = "." }
dependencies = [
    { name = "pandas" },
    { name = "pydantic" },
    { name = "pydot" },
    { name = "pyyaml" },
    { name = "scikit-learn" },
    { name = "typer" },
]

[package.dev-dependencies]
dev = [
    { name = "pytest" },
]

[package.metadata]
requires-dist = [
    { name = "pandas", specifier = ">=3.0.3" },
    { name = "pydantic", specifier = ">=2.7" },
    { name = "pydot", specifier = ">=4.0.1" },
    { name = "pyyaml", specifier = ">=6.0" },
    { name = "scikit-learn", specifier = ">=1.9.0" },
    { name = "typer", specifier = ">=0.12" },
]

[package.metadata.requires-dev]
dev = [{ name = "pytest", specifier = ">=8.0" }]

[[package]]
name = "rich"
version = "15.0.0"
source = { registry = "https://pypi.org/simple" }
dependencies = [
    { name = "markdown-it-py" },
    { name = "pygments" },
]
sdist = { url = "https://files.pythonhosted.org/packages/c0/8f/0722ca900cc807c13a6a0c696dacf35430f72e0ec571c4275d2371fca3e9/rich-15.0.0.tar.gz", hash = "sha256:edd07a4824c6b40189fb7ac9bc4c52536e9780fbbfbddf6f1e2502c31b068c36", size = 230680, upload-time = "2026-04-12T08:24:00.75Z" }
wheels = [
    { url = "https://files.pythonhosted.org/packages/82/3b/64d4899d73f91ba49a8c18a8ff3f0ea8f1c1d75481760df8c68ef5235bf5/rich-15.0.0-py3-none-any.whl", hash = "sha256:33bd4ef74232fb73fe9279a257718407f169c09b78a87ad3d296f548e27de0bb", size = 310654, upload-time = "2026-04-12T08:24:02.83Z" },
]

[[package]]
name = "scikit-learn"
version = "1.9.0"
source = { registry = "https://pypi.org/simple" }
dependencies = [
    { name = "joblib" },
    { name = "narwhals" },
    { name = "numpy" },
    { name = "scipy" },
    { name = "threadpoolctl" },
]
sdist = { url = "https://files.pythonhosted.org/packages/fa/6f/37092bdb25f712817231799fc5674d8e704066a8a70c1d2d40517e18b4ab/scikit_learn-1.9.0.tar.gz", hash = "sha256:8833266989d3a5110178a9fae30783675460724d0e1efb13b14901d2c660c557", size = 7750767, upload-time = "2026-06-02T11:54:32.706Z" }
wheels = [
    { url = "https://files.pythonhosted.org/packages/ac/20/75f915ff375d6249e6550ac740fdbbd66159a068fd3af1400ff62036b07a/scikit_learn-1.9.0-cp312-cp312-macosx_10_13_x86_64.whl", hash = "sha256:2bd41b0d201bc81575531b96b713d3eb5e5f50fb0b82101ff0f92294fdc236ac", size = 8741122, upload-time = "2026-06-02T11:53:24.08Z" },
    { url = "https://files.pythonhosted.org/packages/cc/d5/2b5148f2279196775e1db2aeb85d14b70ac80e7e32b3b28e7ebeafb0901d/scikit_learn-1.9.0-cp312-cp312-macosx_12_0_arm64.whl", hash = "sha256:5be45aa4a42a68a533913a6ed736cf309de2226411c79ef8d609a5456f1939b1", size = 8261512, upload-time = "2026-06-02T11:53:27.183Z" },
    { url = "https://files.pythonhosted.org/packages/a0/ee/5adbc77656b71f9456a2f5a7a9fdb4bcf9207a6b962889f1c2f9323afa4e/scikit_learn-1.9.0-cp312-cp312-manylinux_2_27_aarch64.manylinux_2_28_aarch64.whl", hash = "sha256:5e50ed4da51974e86e940690e9a3d82e729b62b5a49f7c9bac534d515d39d86f", size = 8837603, upload-time = "2026-06-02T11:53:30.328Z" },
    { url = "https://files.pythonhosted.org/packages/6c/c2/63fdda36c56437eeb44aaf9493c8bcd62ce230ab1598924fc626ffbfa943/scikit_learn-1.9.0-cp312-cp312-manylinux_2_27_x86_64.manylinux_2_28_x86_64.whl", hash = "sha256:056c92bb67ad4c28463c2f2653d9701449201e7e7a9e94e321be0f71c4fef2b8", size = 9132097, upload-time = "2026-06-02T11:53:33.456Z" },
    { url = "https://files.pythonhosted.org/packages/83/a4/c8e67227c680e2259c8864ae72ff48b06e16a6f51253a22167aa02a8aa4e/scikit_learn-1.9.0-cp312-cp312-win_amd64.whl", hash = "sha256:4306775fad04cc4b472a1b15af1ae9cede1540fbfcc17fbce3767cd8dc7ae283", size = 8211173, upload-time = "2026-06-02T11:53:36.602Z" },
    { url = "https://files.pythonhosted.org/packages/cf/fd/3c0863792e98e67e9184aa4029288a175935eb65443afcd30d4f143450cf/scikit_learn-1.9.0-cp312-cp312-win_arm64.whl", hash = "sha256:26e22435f63bcdcf396b574273f29f13dd531f5ea035801f5be10ba1540a4e60", size = 7867451, upload-time = "2026-06-02T11:53:39.075Z" },
]

[[package]]
name = "scipy"
version = "1.18.0"
source = { registry = "https://pypi.org/simple" }
dependencies = [
    { name = "numpy" },
]
sdist = { url = "https://files.pythonhosted.org/packages/a7/25/c2700dfaf6442b4effaa91af24ebce5dc9d31bb4a69706313aae70d72cd0/scipy-1.18.0.tar.gz", hash = "sha256:67b2ad2ad54c72ca6d04975a9b2df8c3638c34ddd5b28738e94fc2b57929d378", size = 30774447, upload-time = "2026-06-19T15:01:43.456Z" }
wheels = [
    { url = "https://files.pythonhosted.org/packages/6a/19/ca10ead60b0acc80b2b833c2c4a4f2ff753d0f58b811f70d911c7e94a25c/scipy-1.18.0-cp312-cp312-macosx_10_15_x86_64.whl", hash = "sha256:7bd21faaf5a1a3b2eff922d02db5f191b99a6518db9078a8fb23169f6d22259a", size = 31056519, upload-time = "2026-06-19T14:59:45.203Z" },
    { url = "https://files.pythonhosted.org/packages/96/72/1e6442a00cd2924d361aa1b642ab6373ec35c6fabf311a760be9f76e0f13/scipy-1.18.0-cp312-cp312-macosx_12_0_arm64.whl", hash = "sha256:265915e79107de9f946b855e50d7470d5893ec3f54b342e1aa6201cbdcd8bb6b", size = 28681889, upload-time = "2026-06-19T14:59:48.103Z" },
    { url = "https://files.pythonhosted.org/packages/9b/2d/11dd93d21e147a73ba22bd75c0b9208d3a2e0ec76d53170ce7d9029b1015/scipy-1.18.0-cp312-cp312-macosx_14_0_arm64.whl", hash = "sha256:9ab7b758be6940954a713ee466e2043e9f6e2ed965c1fce5c91039f4be3d90a9", size = 20423580, upload-time = "2026-06-19T14:59:50.665Z" },
    { url = "https://files.pythonhosted.org/packages/9c/01/93552f75e0d2a7dd115a45e59209c51e8d514daff02fc887d2623be06fe1/scipy-1.18.0-cp312-cp312-macosx_14_0_x86_64.whl", hash = "sha256:97b6cddaaee0a779ef6b5ca83c9604b27cc16b2b8fc22c142652df8793319fb8", size = 23054441, upload-time = "2026-06-19T14:59:53.564Z" },
    { url = "https://files.pythonhosted.org/packages/3c/23/21f5e703643d66f21faa6b4c73195bfcad70c55efcb4f1ab327cd7c4101a/scipy-1.18.0-cp312-cp312-manylinux_2_27_aarch64.manylinux_2_28_aarch64.whl", hash = "sha256:52a96e21517c7292375c0e27dd796a811f03fcea5fd4d108fdfea8145dcf17ab", size = 33968720, upload-time = "2026-06-19T14:59:56.415Z" },
    { url = "https://files.pythonhosted.org/packages/dd/aa/1b939f6c67ed68635bb538e6752d3dacc02f66535182e939a89581a44e9c/scipy-1.18.0-cp312-cp312-manylinux_2_27_x86_64.manylinux_2_28_x86_64.whl", hash = "sha256:1f55797419e16e7f30cf88ffb3113ce0467f00cfe3f70d5c281730b21769bfc2", size = 35287115, upload-time = "2026-06-19T14:59:59.411Z" },
    { url = "https://files.pythonhosted.org/packages/b6/ff/eec46be7e9234208f801062b53e1983085eddebd693f6c9bfb03b459830d/scipy-1.18.0-cp312-cp312-musllinux_1_2_aarch64.whl", hash = "sha256:ad033410e2e0672ffdc1042110cef20e1c46f8fd0616cee1d44d8d58fad8fc11", size = 35577989, upload-time = "2026-06-19T15:00:02.235Z" },
    { url = "https://files.pythonhosted.org/packages/84/ca/210d4759c7210bb7d269437421959b39a33434e2776b60c5cb8a763bb30a/scipy-1.18.0-cp312-cp312-musllinux_1_2_x86_64.whl", hash = "sha256:4a55985d54c769c872e64b7f4c8a81cc30ef700cc04296abbbf3705439c126de", size = 37421717, upload-time = "2026-06-19T15:00:05.102Z" },
    { url = "https://files.pythonhosted.org/packages/2b/54/9a9edb45345bd6744da5ddfb6628e5d5185920494c6a67ec45b6381004cb/scipy-1.18.0-cp312-cp312-win_amd64.whl", hash = "sha256:71ccc8faa2dd16ac310233203474a8b5cb67f10dedd54a3116d34943f4b19132", size = 36597428, upload-time = "2026-06-19T15:00:08.112Z" },
    { url = "https://files.pythonhosted.org/packages/99/0e/33f32a2a58987e26aec0f7df252cbbad1e90ae77bdbc76f40dd4ed0cf0ea/scipy-1.18.0-cp312-cp312-win_arm64.whl", hash = "sha256:d88363fd9d8fbd3511bd273f1a49efb2a540773ddf92a91d57498ce7dd7f3e76", size = 24351481, upload-time = "2026-06-19T15:00:11.103Z" },
]

[[package]]
name = "shellingham"
version = "1.5.4"
source = { registry = "https://pypi.org/simple" }
sdist = { url = "https://files.pythonhosted.org/packages/58/15/8b3609fd3830ef7b27b655beb4b4e9c62313a4e8da8c676e142cc210d58e/shellingham-1.5.4.tar.gz", hash = "sha256:8dbca0739d487e5bd35ab3ca4b36e11c4078f3a234bfce294b0a0291363404de", size = 10310, upload-time = "2023-10-24T04:13:40.426Z" }
wheels = [
    { url = "https://files.pythonhosted.org/packages/e0/f9/0595336914c5619e5f28a1fb793285925a8cd4b432c9da0a987836c7f822/shellingham-1.5.4-py2.py3-none-any.whl", hash = "sha256:7ecfff8f2fd72616f7481040475a65b2bf8af90a56c89140852d1120324e8686", size = 9755, upload-time = "2023-10-24T04:13:38.866Z" },
]

[[package]]
name = "six"
version = "1.17.0"
source = { registry = "https://pypi.org/simple" }
sdist = { url = "https://files.pythonhosted.org/packages/94/e7/b2c673351809dca68a0e064b6af791aa332cf192da575fd474ed7d6f16a2/six-1.17.0.tar.gz", hash = "sha256:ff70335d468e7eb6ec65b95b99d3a2836546063f63acc5171de367e834932a81", size = 34031, upload-time = "2024-12-04T17:35:28.174Z" }
wheels = [
    { url = "https://files.pythonhosted.org/packages/b7/ce/149a00dd41f10bc29e5921b496af8b574d8413afcd5e30dfa0ed46c2cc5e/six-1.17.0-py2.py3-none-any.whl", hash = "sha256:4721f391ed90541fddacab5acf947aa0d3dc7d27b2e1e8eda2be8970586c3274", size = 11050, upload-time = "2024-12-04T17:35:26.475Z" },
]

[[package]]
name = "threadpoolctl"
version = "3.6.0"
source = { registry = "https://pypi.org/simple" }
sdist = { url = "https://files.pythonhosted.org/packages/b7/4d/08c89e34946fce2aec4fbb45c9016efd5f4d7f24af8e5d93296e935631d8/threadpoolctl-3.6.0.tar.gz", hash = "sha256:8ab8b4aa3491d812b623328249fab5302a68d2d71745c8a4c719a2fcaba9f44e", size = 21274, upload-time = "2025-03-13T13:49:23.031Z" }
wheels = [
    { url = "https://files.pythonhosted.org/packages/32/d5/f9a850d79b0851d1d4ef6456097579a9005b31fea68726a4ae5f2d82ddd9/threadpoolctl-3.6.0-py3-none-any.whl", hash = "sha256:43a0b8fd5a2928500110039e43a5eed8480b918967083ea48dc3ab9f13c4a7fb", size = 18638, upload-time = "2025-03-13T13:49:21.846Z" },
]

[[package]]
name = "typer"
version = "0.26.8"
source = { registry = "https://pypi.org/simple" }
dependencies = [
    { name = "annotated-doc" },
    { name = "colorama", marker = "sys_platform == 'win32'" },
    { name = "rich" },
    { name = "shellingham" },
]
sdist = { url = "https://files.pythonhosted.org/packages/7c/f7/68adc395201b20b872d68e975386832e8005ffeacedd43a1d837a32815be/typer-0.26.8.tar.gz", hash = "sha256:c244a6bd558886fe3f8780efb6bdd28bb9aff005a94eedebaa5cb32926fe2f7e", size = 202097, upload-time = "2026-06-26T09:22:45.705Z" }
wheels = [
    { url = "https://files.pythonhosted.org/packages/80/87/b9fd69c92c6102a066e1b86a35243f53e70bd4c709f2a26d9f4fee4f4dc0/typer-0.26.8-py3-none-any.whl", hash = "sha256:3512ca79ac5c11113414b36e80281b872884477722440691c89d1112e321a49c", size = 122564, upload-time = "2026-06-26T09:22:44.72Z" },
]

[[package]]
name = "typing-extensions"
version = "4.16.0"
source = { registry = "https://pypi.org/simple" }
sdist = { url = "https://files.pythonhosted.org/packages/f6/cc/6253133b5bb138fc3306cebfbda2c520f545d36b5be2c7255cc528bb45d6/typing_extensions-4.16.0.tar.gz", hash = "sha256:dc983d19a509c94dba722ee6abd33940f7c05a89e243c47e907eb4db6f1a43e5", size = 113555, upload-time = "2026-07-02T08:40:05.92Z" }
wheels = [
    { url = "https://files.pythonhosted.org/packages/49/d3/b8441a820a491ddfc024b0b0cf0393375b75ea13866d9c66727e54c2fc80/typing_extensions-4.16.0-py3-none-any.whl", hash = "sha256:481caa481374e813c1b176ada14e97f1f67a4539ce9cfeb3f350d78d6370c2e8", size = 45571, upload-time = "2026-07-02T08:40:04.659Z" },
]

[[package]]
name = "typing-inspection"
version = "0.4.2"
source = { registry = "https://pypi.org/simple" }
dependencies = [
    { name = "typing-extensions" },
]
sdist = { url = "https://files.pythonhosted.org/packages/55/e3/70399cb7dd41c10ac53367ae42139cf4b1ca5f36bb3dc6c9d33acdb43655/typing_inspection-0.4.2.tar.gz", hash = "sha256:ba561c48a67c5958007083d386c3295464928b01faa735ab8547c5692e87f464", size = 75949, upload-time = "2025-10-01T02:14:41.687Z" }
wheels = [
    { url = "https://files.pythonhosted.org/packages/dc/9b/47798a6c91d8bdb567fe2698fe81e0c6b7cb7ef4d13da4114b41d239f65d/typing_inspection-0.4.2-py3-none-any.whl", hash = "sha256:4ed1cacbdc298c220f1bd249ed5287caa16f34d44ef4e9c3d0cbad5b521545e7", size = 14611, upload-time = "2025-10-01T02:14:40.154Z" },
]

[[package]]
name = "tzdata"
version = "2026.2"
source = { registry = "https://pypi.org/simple" }
sdist = { url = "https://files.pythonhosted.org/packages/ba/19/1b9b0e29f30c6d35cb345486df41110984ea67ae69dddbc0e8a100999493/tzdata-2026.2.tar.gz", hash = "sha256:9173fde7d80d9018e02a662e168e5a2d04f87c41ea174b139fbef642eda62d10", size = 198254, upload-time = "2026-04-24T15:22:08.651Z" }
wheels = [
    { url = "https://files.pythonhosted.org/packages/ce/e4/dccd7f47c4b64213ac01ef921a1337ee6e30e8c6466046018326977efd95/tzdata-2026.2-py2.py3-none-any.whl", hash = "sha256:bbe9af844f658da81a5f95019480da3a89415801f6cc966806612cc7169bffe7", size = 349321, upload-time = "2026-04-24T15:22:05.876Z" },
]
